
Microsoft Visual Studio Solution File, Format Version 12.00
# Visual Studio 2013
VisualStudioVersion = 12.0.30501.0
MinimumVisualStudioVersion = 10.0.40219.1
Project("{FAE04EC0-301F-11D3-BF4B-00C04F79EFBC}") = "Terrarium.Server", "Terrarium.Server\Terrarium.Server.csproj", "{CEFB74AD-6D52-4086-B3C8-21F737911BEC}"
EndProject
Global
	GlobalSection(SolutionConfigurationPlatforms) = preSolution
		Debug|Any CPU = Debug|Any CPU
		Release|Any CPU = Release|Any CPU
	EndGlobalSection
	GlobalSection(ProjectConfigurationPlatforms) = postSolution
		{CEFB74AD-6D52-4086-B3C8-21F737911BEC}.Debug|Any CPU.ActiveCfg = Debug|Any CPU
		{CEFB74AD-6D52-4086-B3C8-21F737911BEC}.Debug|Any CPU.Build.0 = Debug|Any CPU
		{CEFB74AD-6D52-4086-B3C8-21F737911BEC}.Release|Any CPU.ActiveCfg = Release|Any CPU
		{CEFB74AD-6D52-4086-B3C8-21F737911BEC}.Release|Any CPU.Build.0 = Release|Any CPU
	EndGlobalSection
	GlobalSection(SolutionProperties) = preSolution
		HideSolutionNode = FALSE
	EndGlobalSection
EndGlobal
